// !$*UTF8*$!
{
	archiveVersion = 1;
	classes = {
	};
	objectVersion = 46;
	objects = {

/* Begin PBXBuildFile section */
		A7B074AF1D40950D00C7F1B9 /* AVFoundation.framework in Frameworks */ = {isa = PBXBuildFile; fileRef = A7B074AE1D40950D00C7F1B9 /* AVFoundation.framework */; };
		A7B074B11D40952B00C7F1B9 /* AudioToolbox.framework in Frameworks */ = {isa = PBXBuildFile; fileRef = A7B074B01D40952B00C7F1B9 /* AudioToolbox.framework */; };
		A7B074B61D4097AD00C7F1B9 /* libsqlite3.tbd in Frameworks */ = {isa = PBXBuildFile; fileRef = A7B074B51D4097AD00C7F1B9 /* libsqlite3.tbd */; };
		A7B074B81D4097D600C7F1B9 /* libiconv.tbd in Frameworks */ = {isa = PBXBuildFile; fileRef = A7B074B71D4097D600C7F1B9 /* libiconv.tbd */; };
		A7B074BA1D40980600C7F1B9 /* libxml2.tbd in Frameworks */ = {isa = PBXBuildFile; fileRef = A7B074B91D40980600C7F1B9 /* libxml2.tbd */; };
		A7B074BC1D4098BC00C7F1B9 /* VideoToolbox.framework in Frameworks */ = {isa = PBXBuildFile; fileRef = A7B074BB1D4098BC00C7F1B9 /* VideoToolbox.framework */; };
		A7B074BE1D40998C00C7F1B9 /* CoreMedia.framework in Frameworks */ = {isa = PBXBuildFile; fileRef = A7B074BD1D40998C00C7F1B9 /* CoreMedia.framework */; };
		A7B074C41D40A84800C7F1B9 /* libz.tbd in Frameworks */ = {isa = PBXBuildFile; fileRef = A7B074C31D40A84800C7F1B9 /* libz.tbd */; };
		A7B074C61D40A87200C7F1B9 /* libresolv.tbd in Frameworks */ = {isa = PBXBuildFile; fileRef = A7B074C51D40A87200C7F1B9 /* libresolv.tbd */; };
		A7B074D41D40AE6000C7F1B9 /* libstdc++.6.0.9.tbd in Frameworks */ = {isa = PBXBuildFile; fileRef = A7B074D31D40AE6000C7F1B9 /* libstdc++.6.0.9.tbd */; };
		A7B074DA1D40D82200C7F1B9 /* linphonerc in Resources */ = {isa = PBXBuildFile; fileRef = A7B074D81D40D82200C7F1B9 /* linphonerc */; };
		A7B074DB1D40D82200C7F1B9 /* linphonerc-factory in Resources */ = {isa = PBXBuildFile; fileRef = A7B074D91D40D82200C7F1B9 /* linphonerc-factory */; };
		A7B97DAA1D36279400EA9BBA /* MeCall.h in Headers */ = {isa = PBXBuildFile; fileRef = A7B97DA91D36279400EA9BBA /* MeCall.h */; settings = {ATTRIBUTES = (Public, ); }; };
		A7B97DB31D36281A00EA9BBA /* MeCallManager.h in Headers */ = {isa = PBXBuildFile; fileRef = A7B97DB11D36281A00EA9BBA /* MeCallManager.h */; settings = {ATTRIBUTES = (Public, ); }; };
		A7B97DB41D36281A00EA9BBA /* MeCallManager.m in Sources */ = {isa = PBXBuildFile; fileRef = A7B97DB21D36281A00EA9BBA /* MeCallManager.m */; };
/* End PBXBuildFile section */

/* Begin PBXFileReference section */
		A715C1061D362A200019A017 /* MeCall.podspec */ = {isa = PBXFileReference; lastKnownFileType = text; path = MeCall.podspec; sourceTree = SOURCE_ROOT; };
		A715C1091D362E640019A017 /* LICENSE */ = {isa = PBXFileReference; lastKnownFileType = text; path = LICENSE; sourceTree = SOURCE_ROOT; };
		A7B074AE1D40950D00C7F1B9 /* AVFoundation.framework */ = {isa = PBXFileReference; lastKnownFileType = wrapper.framework; name = AVFoundation.framework; path = System/Library/Frameworks/AVFoundation.framework; sourceTree = SDKROOT; };
		A7B074B01D40952B00C7F1B9 /* AudioToolbox.framework */ = {isa = PBXFileReference; lastKnownFileType = wrapper.framework; name = AudioToolbox.framework; path = System/Library/Frameworks/AudioToolbox.framework; sourceTree = SDKROOT; };
		A7B074B51D4097AD00C7F1B9 /* libsqlite3.tbd */ = {isa = PBXFileReference; lastKnownFileType = "sourcecode.text-based-dylib-definition"; name = libsqlite3.tbd; path = usr/lib/libsqlite3.tbd; sourceTree = SDKROOT; };
		A7B074B71D4097D600C7F1B9 /* libiconv.tbd */ = {isa = PBXFileReference; lastKnownFileType = "sourcecode.text-based-dylib-definition"; name = libiconv.tbd; path = usr/lib/libiconv.tbd; sourceTree = SDKROOT; };
		A7B074B91D40980600C7F1B9 /* libxml2.tbd */ = {isa = PBXFileReference; lastKnownFileType = "sourcecode.text-based-dylib-definition"; name = libxml2.tbd; path = usr/lib/libxml2.tbd; sourceTree = SDKROOT; };
		A7B074BB1D4098BC00C7F1B9 /* VideoToolbox.framework */ = {isa = PBXFileReference; lastKnownFileType = wrapper.framework; name = VideoToolbox.framework; path = System/Library/Frameworks/VideoToolbox.framework; sourceTree = SDKROOT; };
		A7B074BD1D40998C00C7F1B9 /* CoreMedia.framework */ = {isa = PBXFileReference; lastKnownFileType = wrapper.framework; name = CoreMedia.framework; path = System/Library/Frameworks/CoreMedia.framework; sourceTree = SDKROOT; };
		A7B074C31D40A84800C7F1B9 /* libz.tbd */ = {isa = PBXFileReference; lastKnownFileType = "sourcecode.text-based-dylib-definition"; name = libz.tbd; path = usr/lib/libz.tbd; sourceTree = SDKROOT; };
		A7B074C51D40A87200C7F1B9 /* libresolv.tbd */ = {isa = PBXFileReference; lastKnownFileType = "sourcecode.text-based-dylib-definition"; name = libresolv.tbd; path = usr/lib/libresolv.tbd; sourceTree = SDKROOT; };
		A7B074D31D40AE6000C7F1B9 /* libstdc++.6.0.9.tbd */ = {isa = PBXFileReference; lastKnownFileType = "sourcecode.text-based-dylib-definition"; name = "libstdc++.6.0.9.tbd"; path = "usr/lib/libstdc++.6.0.9.tbd"; sourceTree = SDKROOT; };
		A7B074D81D40D82200C7F1B9 /* linphonerc */ = {isa = PBXFileReference; fileEncoding = 4; lastKnownFileType = text; path = linphonerc; sourceTree = "<group>"; };
		A7B074D91D40D82200C7F1B9 /* linphonerc-factory */ = {isa = PBXFileReference; fileEncoding = 4; lastKnownFileType = text; path = "linphonerc-factory"; sourceTree = "<group>"; };
		A7B97DA61D36279400EA9BBA /* MeCall.framework */ = {isa = PBXFileReference; explicitFileType = wrapper.framework; includeInIndex = 0; path = MeCall.framework; sourceTree = BUILT_PRODUCTS_DIR; };
		A7B97DA91D36279400EA9BBA /* MeCall.h */ = {isa = PBXFileReference; lastKnownFileType = sourcecode.c.h; path = MeCall.h; sourceTree = "<group>"; };
		A7B97DAB1D36279400EA9BBA /* Info.plist */ = {isa = PBXFileReference; lastKnownFileType = text.plist.xml; path = Info.plist; sourceTree = "<group>"; };
		A7B97DB11D36281A00EA9BBA /* MeCallManager.h */ = {isa = PBXFileReference; fileEncoding = 4; lastKnownFileType = sourcecode.c.h; path = MeCallManager.h; sourceTree = "<group>"; };
		A7B97DB21D36281A00EA9BBA /* MeCallManager.m */ = {isa = PBXFileReference; fileEncoding = 4; lastKnownFileType = sourcecode.c.objc; path = MeCallManager.m; sourceTree = "<group>"; };
		A7E85DD61D36477E003FD442 /* contributors.txt */ = {isa = PBXFileReference; lastKnownFileType = text; path = contributors.txt; sourceTree = "<group>"; };
/* End PBXFileReference section */

/* Begin PBXFrameworksBuildPhase section */
		A7B97DA21D36279400EA9BBA /* Frameworks */ = {
			isa = PBXFrameworksBuildPhase;
			buildActionMask = 2147483647;
			files = (
				A7B074BE1D40998C00C7F1B9 /* CoreMedia.framework in Frameworks */,
				A7B074BC1D4098BC00C7F1B9 /* VideoToolbox.framework in Frameworks */,
				A7B074AF1D40950D00C7F1B9 /* AVFoundation.framework in Frameworks */,
				A7B074B11D40952B00C7F1B9 /* AudioToolbox.framework in Frameworks */,
				A7B074D41D40AE6000C7F1B9 /* libstdc++.6.0.9.tbd in Frameworks */,
				A7B074C61D40A87200C7F1B9 /* libresolv.tbd in Frameworks */,
				A7B074C41D40A84800C7F1B9 /* libz.tbd in Frameworks */,
				A7B074BA1D40980600C7F1B9 /* libxml2.tbd in Frameworks */,
				A7B074B81D4097D600C7F1B9 /* libiconv.tbd in Frameworks */,
				A7B074B61D4097AD00C7F1B9 /* libsqlite3.tbd in Frameworks */,
			);
			runOnlyForDeploymentPostprocessing = 0;
		};
/* End PBXFrameworksBuildPhase section */

/* Begin PBXGroup section */
		A7B074B41D40973800C7F1B9 /* Frameworks */ = {
			isa = PBXGroup;
			children = (
				A7B074BD1D40998C00C7F1B9 /* CoreMedia.framework */,
				A7B074BB1D4098BC00C7F1B9 /* VideoToolbox.framework */,
				A7B074AE1D40950D00C7F1B9 /* AVFoundation.framework */,
				A7B074B01D40952B00C7F1B9 /* AudioToolbox.framework */,
				A7B074D31D40AE6000C7F1B9 /* libstdc++.6.0.9.tbd */,
				A7B074C51D40A87200C7F1B9 /* libresolv.tbd */,
				A7B074C31D40A84800C7F1B9 /* libz.tbd */,
				A7B074B91D40980600C7F1B9 /* libxml2.tbd */,
				A7B074B71D4097D600C7F1B9 /* libiconv.tbd */,
				A7B074B51D4097AD00C7F1B9 /* libsqlite3.tbd */,
			);
			name = Frameworks;
			sourceTree = "<group>";
		};
		A7B074D71D40D82200C7F1B9 /* Resources */ = {
			isa = PBXGroup;
			children = (
				A7B074D81D40D82200C7F1B9 /* linphonerc */,
				A7B074D91D40D82200C7F1B9 /* linphonerc-factory */,
			);
			path = Resources;
			sourceTree = "<group>";
		};
		A7B97D9C1D36279400EA9BBA = {
			isa = PBXGroup;
			children = (
				A715C1061D362A200019A017 /* MeCall.podspec */,
				A7E85DD61D36477E003FD442 /* contributors.txt */,
				A715C1091D362E640019A017 /* LICENSE */,
				A7B97DA81D36279400EA9BBA /* MeCall */,
				A7B074D71D40D82200C7F1B9 /* Resources */,
				A7B074B41D40973800C7F1B9 /* Frameworks */,
				A7B97DA71D36279400EA9BBA /* Products */,
			);
			sourceTree = "<group>";
		};
		A7B97DA71D36279400EA9BBA /* Products */ = {
			isa = PBXGroup;
			children = (
				A7B97DA61D36279400EA9BBA /* MeCall.framework */,
			);
			name = Products;
			sourceTree = "<group>";
		};
		A7B97DA81D36279400EA9BBA /* MeCall */ = {
			isa = PBXGroup;
			children = (
				A7B97DA91D36279400EA9BBA /* MeCall.h */,
				A7B97DB11D36281A00EA9BBA /* MeCallManager.h */,
				A7B97DB21D36281A00EA9BBA /* MeCallManager.m */,
				A7B97DAB1D36279400EA9BBA /* Info.plist */,
			);
			path = MeCall;
			sourceTree = "<group>";
		};
/* End PBXGroup section */

/* Begin PBXHeadersBuildPhase section */
		A7B97DA31D36279400EA9BBA /* Headers */ = {
			isa = PBXHeadersBuildPhase;
			buildActionMask = 2147483647;
			files = (
				A7B97DB31D36281A00EA9BBA /* MeCallManager.h in Headers */,
				A7B97DAA1D36279400EA9BBA /* MeCall.h in Headers */,
			);
			runOnlyForDeploymentPostprocessing = 0;
		};
/* End PBXHeadersBuildPhase section */

/* Begin PBXNativeTarget section */
		A7B97DA51D36279400EA9BBA /* MeCall */ = {
			isa = PBXNativeTarget;
			buildConfigurationList = A7B97DAE1D36279400EA9BBA /* Build configuration list for PBXNativeTarget "MeCall" */;
			buildPhases = (
				A7B97DA11D36279400EA9BBA /* Sources */,
				A7B97DA21D36279400EA9BBA /* Frameworks */,
				A7B97DA31D36279400EA9BBA /* Headers */,
				A7B97DA41D36279400EA9BBA /* Resources */,
			);
			buildRules = (
			);
			dependencies = (
			);
			name = MeCall;
			productName = MeCall;
			productReference = A7B97DA61D36279400EA9BBA /* MeCall.framework */;
			productType = "com.apple.product-type.framework";
		};
/* End PBXNativeTarget section */

/* Begin PBXProject section */
		A7B97D9D1D36279400EA9BBA /* Project object */ = {
			isa = PBXProject;
			attributes = {
				LastUpgradeCheck = 0730;
				ORGANIZATIONNAME = u2systems;
				TargetAttributes = {
					A7B97DA51D36279400EA9BBA = {
						CreatedOnToolsVersion = 7.3.1;
					};
				};
			};
			buildConfigurationList = A7B97DA01D36279400EA9BBA /* Build configuration list for PBXProject "MeCall" */;
			compatibilityVersion = "Xcode 3.2";
			developmentRegion = English;
			hasScannedForEncodings = 0;
			knownRegions = (
				en,
			);
			mainGroup = A7B97D9C1D36279400EA9BBA;
			productRefGroup = A7B97DA71D36279400EA9BBA /* Products */;
			projectDirPath = "";
			projectRoot = "";
			targets = (
				A7B97DA51D36279400EA9BBA /* MeCall */,
			);
		};
/* End PBXProject section */

/* Begin PBXResourcesBuildPhase section */
		A7B97DA41D36279400EA9BBA /* Resources */ = {
			isa = PBXResourcesBuildPhase;
			buildActionMask = 2147483647;
			files = (
				A7B074DA1D40D82200C7F1B9 /* linphonerc in Resources */,
				A7B074DB1D40D82200C7F1B9 /* linphonerc-factory in Resources */,
			);
			runOnlyForDeploymentPostprocessing = 0;
		};
/* End PBXResourcesBuildPhase section */

/* Begin PBXSourcesBuildPhase section */
		A7B97DA11D36279400EA9BBA /* Sources */ = {
			isa = PBXSourcesBuildPhase;
			buildActionMask = 2147483647;
			files = (
				A7B97DB41D36281A00EA9BBA /* MeCallManager.m in Sources */,
			);
			runOnlyForDeploymentPostprocessing = 0;
		};
/* End PBXSourcesBuildPhase section */

/* Begin XCBuildConfiguration section */
		A7B97DAC1D36279400EA9BBA /* Debug */ = {
			isa = XCBuildConfiguration;
			buildSettings = {
				ALWAYS_SEARCH_USER_PATHS = NO;
				CLANG_ANALYZER_NONNULL = YES;
				CLANG_CXX_LANGUAGE_STANDARD = "gnu++0x";
				CLANG_CXX_LIBRARY = "libc++";
				CLANG_ENABLE_MODULES = YES;
				CLANG_ENABLE_OBJC_ARC = YES;
				CLANG_WARN_BOOL_CONVERSION = YES;
				CLANG_WARN_CONSTANT_CONVERSION = YES;
				CLANG_WARN_DIRECT_OBJC_ISA_USAGE = YES_ERROR;
				CLANG_WARN_EMPTY_BODY = YES;
				CLANG_WARN_ENUM_CONVERSION = YES;
				CLANG_WARN_INT_CONVERSION = YES;
				CLANG_WARN_OBJC_ROOT_CLASS = YES_ERROR;
				CLANG_WARN_UNREACHABLE_CODE = YES;
				CLANG_WARN__DUPLICATE_METHOD_MATCH = YES;
				"CODE_SIGN_IDENTITY[sdk=iphoneos*]" = "iPhone Developer";
				COPY_PHASE_STRIP = NO;
				CURRENT_PROJECT_VERSION = 1;
				DEBUG_INFORMATION_FORMAT = dwarf;
				ENABLE_STRICT_OBJC_MSGSEND = YES;
				ENABLE_TESTABILITY = YES;
				GCC_C_LANGUAGE_STANDARD = gnu99;
				GCC_DYNAMIC_NO_PIC = NO;
				GCC_NO_COMMON_BLOCKS = YES;
				GCC_OPTIMIZATION_LEVEL = 0;
				GCC_PREPROCESSOR_DEFINITIONS = (
					"DEBUG=1",
					"$(inherited)",
				);
				GCC_WARN_64_TO_32_BIT_CONVERSION = YES;
				GCC_WARN_ABOUT_RETURN_TYPE = YES_ERROR;
				GCC_WARN_UNDECLARED_SELECTOR = YES;
				GCC_WARN_UNINITIALIZED_AUTOS = YES_AGGRESSIVE;
				GCC_WARN_UNUSED_FUNCTION = YES;
				GCC_WARN_UNUSED_VARIABLE = YES;
				IPHONEOS_DEPLOYMENT_TARGET = 8.0;
				MTL_ENABLE_DEBUG_INFO = YES;
				ONLY_ACTIVE_ARCH = YES;
				SDKROOT = iphoneos;
				TARGETED_DEVICE_FAMILY = "1,2";
				VERSIONING_SYSTEM = "apple-generic";
				VERSION_INFO_PREFIX = "";
			};
			name = Debug;
		};
		A7B97DAD1D36279400EA9BBA /* Release */ = {
			isa = XCBuildConfiguration;
			buildSettings = {
				ALWAYS_SEARCH_USER_PATHS = NO;
				CLANG_ANALYZER_NONNULL = YES;
				CLANG_CXX_LANGUAGE_STANDARD = "gnu++0x";
				CLANG_CXX_LIBRARY = "libc++";
				CLANG_ENABLE_MODULES = YES;
				CLANG_ENABLE_OBJC_ARC = YES;
				CLANG_WARN_BOOL_CONVERSION = YES;
				CLANG_WARN_CONSTANT_CONVERSION = YES;
				CLANG_WARN_DIRECT_OBJC_ISA_USAGE = YES_ERROR;
				CLANG_WARN_EMPTY_BODY = YES;
				CLANG_WARN_ENUM_CONVERSION = YES;
				CLANG_WARN_INT_CONVERSION = YES;
				CLANG_WARN_OBJC_ROOT_CLASS = YES_ERROR;
				CLANG_WARN_UNREACHABLE_CODE = YES;
				CLANG_WARN__DUPLICATE_METHOD_MATCH = YES;
				"CODE_SIGN_IDENTITY[sdk=iphoneos*]" = "iPhone Developer";
				COPY_PHASE_STRIP = NO;
				CURRENT_PROJECT_VERSION = 1;
				DEBUG_INFORMATION_FORMAT = "dwarf-with-dsym";
				ENABLE_NS_ASSERTIONS = NO;
				ENABLE_STRICT_OBJC_MSGSEND = YES;
				GCC_C_LANGUAGE_STANDARD = gnu99;
				GCC_NO_COMMON_BLOCKS = YES;
				GCC_WARN_64_TO_32_BIT_CONVERSION = YES;
				GCC_WARN_ABOUT_RETURN_TYPE = YES_ERROR;
				GCC_WARN_UNDECLARED_SELECTOR = YES;
				GCC_WARN_UNINITIALIZED_AUTOS = YES_AGGRESSIVE;
				GCC_WARN_UNUSED_FUNCTION = YES;
				GCC_WARN_UNUSED_VARIABLE = YES;
				IPHONEOS_DEPLOYMENT_TARGET = 8.0;
				MTL_ENABLE_DEBUG_INFO = NO;
				SDKROOT = iphoneos;
				TARGETED_DEVICE_FAMILY = "1,2";
				VALIDATE_PRODUCT = YES;
				VERSIONING_SYSTEM = "apple-generic";
				VERSION_INFO_PREFIX = "";
			};
			name = Release;
		};
		A7B97DAF1D36279400EA9BBA /* Debug */ = {
			isa = XCBuildConfiguration;
			buildSettings = {
				DEFINES_MODULE = YES;
				DYLIB_COMPATIBILITY_VERSION = 1;
				DYLIB_CURRENT_VERSION = 1;
				DYLIB_INSTALL_NAME_BASE = "@rpath";
				HEADER_SEARCH_PATHS = (
					"$(inherited)",
					"$(SRCROOT)/liblinphone-sdk/apple-darwin/include",
				);
				INFOPLIST_FILE = MeCall/Info.plist;
				INSTALL_PATH = "$(LOCAL_LIBRARY_DIR)/Frameworks";
				LD_RUNPATH_SEARCH_PATHS = "$(inherited) @executable_path/Frameworks @loader_path/Frameworks";
				LIBRARY_SEARCH_PATHS = (
					"$(inherited)",
					"$(SRCROOT)/liblinphone-sdk/apple-darwin/lib/**",
				);
				PRODUCT_BUNDLE_IDENTIFIER = u2systems.MeCall;
				PRODUCT_NAME = "$(TARGET_NAME)";
				SKIP_INSTALL = YES;
			};
			name = Debug;
		};
		A7B97DB01D36279400EA9BBA /* Release */ = {
			isa = XCBuildConfiguration;
			buildSettings = {
				DEFINES_MODULE = YES;
				DYLIB_COMPATIBILITY_VERSION = 1;
				DYLIB_CURRENT_VERSION = 1;
				DYLIB_INSTALL_NAME_BASE = "@rpath";
				HEADER_SEARCH_PATHS = (
					"$(inherited)",
					"$(SRCROOT)/liblinphone-sdk/apple-darwin/include",
				);
				INFOPLIST_FILE = MeCall/Info.plist;
				INSTALL_PATH = "$(LOCAL_LIBRARY_DIR)/Frameworks";
				LD_RUNPATH_SEARCH_PATHS = "$(inherited) @executable_path/Frameworks @loader_path/Frameworks";
				LIBRARY_SEARCH_PATHS = (
					"$(inherited)",
					"$(SRCROOT)/liblinphone-sdk/apple-darwin/lib/**",
				);
				PRODUCT_BUNDLE_IDENTIFIER = u2systems.MeCall;
				PRODUCT_NAME = "$(TARGET_NAME)";
				SKIP_INSTALL = YES;
			};
			name = Release;
		};
/* End XCBuildConfiguration section */

/* Begin XCConfigurationList section */
		A7B97DA01D36279400EA9BBA /* Build configuration list for PBXProject "MeCall" */ = {
			isa = XCConfigurationList;
			buildConfigurations = (
				A7B97DAC1D36279400EA9BBA /* Debug */,
				A7B97DAD1D36279400EA9BBA /* Release */,
			);
			defaultConfigurationIsVisible = 0;
			defaultConfigurationName = Release;
		};
		A7B97DAE1D36279400EA9BBA /* Build configuration list for PBXNativeTarget "MeCall" */ = {
			isa = XCConfigurationList;
			buildConfigurations = (
				A7B97DAF1D36279400EA9BBA /* Debug */,
				A7B97DB01D36279400EA9BBA /* Release */,
			);
			defaultConfigurationIsVisible = 0;
			defaultConfigurationName = Release;
		};
/* End XCConfigurationList section */
	};
	rootObject = A7B97D9D1D36279400EA9BBA /* Project object */;
}
